
Microsoft Visual Studio Solution File, Format Version 12.00
# Visual Studio Version 17
VisualStudioVersion = 17.3.32819.101
MinimumVisualStudioVersion = 10.0.40219.1
Project("{FAE04EC0-301F-11D3-BF4B-00C04F79EFBC}") = "InfoRebel", "InfoRebel\InfoRebel.csproj", "{29704C60-126A-4ADC-B04C-0E38543EABBB}"
EndProject
Global
	GlobalSection(SolutionConfigurationPlatforms) = preSolution
		Debug|Any CPU = Debug|Any CPU
		Release|Any CPU = Release|Any CPU
	EndGlobalSection
	GlobalSection(ProjectConfigurationPlatforms) = postSolution
		{29704C60-126A-4ADC-B04C-0E38543EABBB}.Debug|Any CPU.ActiveCfg = Debug|Any CPU
		{29704C60-126A-4ADC-B04C-0E38543EABBB}.Debug|Any CPU.Build.0 = Debug|Any CPU
		{29704C60-126A-4ADC-B04C-0E38543EABBB}.Release|Any CPU.ActiveCfg = Release|Any CPU
		{29704C60-126A-4ADC-B04C-0E38543EABBB}.Release|Any CPU.Build.0 = Release|Any CPU
	EndGlobalSection
	GlobalSection(SolutionProperties) = preSolution
		HideSolutionNode = FALSE
	EndGlobalSection
	GlobalSection(ExtensibilityGlobals) = postSolution
		SolutionGuid = {191F4621-D92F-4DC3-9FAD-D5A4449D9EA8}
	EndGlobalSection
EndGlobal
